
Microsoft Visual Studio Solution File, Format Version 12.00
# Visual Studio Version 17
VisualStudioVersion = 17.7.34202.233
MinimumVisualStudioVersion = 10.0.40219.1
Project("{FAE04EC0-301F-11D3-BF4B-00C04F79EFBC}") = "MTLS", "MTLS\MTLS.csproj", "{0D61EDA7-584D-4316-B585-DAD3E155D857}"
EndProject
Global
	GlobalSection(SolutionConfigurationPlatforms) = preSolution
		Debug|Any CPU = Debug|Any CPU
		Release|Any CPU = Release|Any CPU
	EndGlobalSection
	GlobalSection(ProjectConfigurationPlatforms) = postSolution
		{0D61EDA7-584D-4316-B585-DAD3E155D857}.Debug|Any CPU.ActiveCfg = Debug|Any CPU
		{0D61EDA7-584D-4316-B585-DAD3E155D857}.Debug|Any CPU.Build.0 = Debug|Any CPU
		{0D61EDA7-584D-4316-B585-DAD3E155D857}.Release|Any CPU.ActiveCfg = Release|Any CPU
		{0D61EDA7-584D-4316-B585-DAD3E155D857}.Release|Any CPU.Build.0 = Release|Any CPU
	EndGlobalSection
	GlobalSection(SolutionProperties) = preSolution
		HideSolutionNode = FALSE
	EndGlobalSection
	GlobalSection(ExtensibilityGlobals) = postSolution
		SolutionGuid = {8C369843-AE21-43D0-8324-0F43C8E0F345}
	EndGlobalSection
EndGlobal
